
Microsoft Visual Studio Solution File, Format Version 12.00
# Visual Studio Version 17
VisualStudioVersion = 17.8.34330.188
MinimumVisualStudioVersion = 10.0.40219.1
Project("{FAE04EC0-301F-11D3-BF4B-00C04F79EFBC}") = "CharacterCreation", "CharacterCreation\CharacterCreation.csproj", "{5F385596-4ECB-4843-B54D-9749E1D21CBA}"
EndProject
Global
	GlobalSection(SolutionConfigurationPlatforms) = preSolution
		Debug|Any CPU = Debug|Any CPU
		Release|Any CPU = Release|Any CPU
	EndGlobalSection
	GlobalSection(ProjectConfigurationPlatforms) = postSolution
		{5F385596-4ECB-4843-B54D-9749E1D21CBA}.Debug|Any CPU.ActiveCfg = Debug|Any CPU
		{5F385596-4ECB-4843-B54D-9749E1D21CBA}.Debug|Any CPU.Build.0 = Debug|Any CPU
		{5F385596-4ECB-4843-B54D-9749E1D21CBA}.Release|Any CPU.ActiveCfg = Release|Any CPU
		{5F385596-4ECB-4843-B54D-9749E1D21CBA}.Release|Any CPU.Build.0 = Release|Any CPU
	EndGlobalSection
	GlobalSection(SolutionProperties) = preSolution
		HideSolutionNode = FALSE
	EndGlobalSection
	GlobalSection(ExtensibilityGlobals) = postSolution
		SolutionGuid = {288DFD9A-8589-409B-9B1A-414AD71E7B7A}
	EndGlobalSection
EndGlobal
